
Microsoft Visual Studio Solution File, Format Version 12.00
# Visual Studio 14
VisualStudioVersion = 14.0.23107.0
MinimumVisualStudioVersion = 10.0.40219.1
Project("{9092AA53-FB77-4645-B42D-1CCCA6BD08BD}") = "SoupToBits", "SoupToBits\SoupToBits.njsproj", "{1A74B0FF-7EFB-4B60-9BB8-C9F7112AFB0E}"
EndProject
Global
	GlobalSection(SolutionConfigurationPlatforms) = preSolution
		Debug|Any CPU = Debug|Any CPU
		Release|Any CPU = Release|Any CPU
	EndGlobalSection
	GlobalSection(ProjectConfigurationPlatforms) = postSolution
		{1A74B0FF-7EFB-4B60-9BB8-C9F7112AFB0E}.Debug|Any CPU.ActiveCfg = Debug|Any CPU
		{1A74B0FF-7EFB-4B60-9BB8-C9F7112AFB0E}.Debug|Any CPU.Build.0 = Debug|Any CPU
		{1A74B0FF-7EFB-4B60-9BB8-C9F7112AFB0E}.Release|Any CPU.ActiveCfg = Release|Any CPU
		{1A74B0FF-7EFB-4B60-9BB8-C9F7112AFB0E}.Release|Any CPU.Build.0 = Release|Any CPU
	EndGlobalSection
	GlobalSection(SolutionProperties) = preSolution
		HideSolutionNode = FALSE
	EndGlobalSection
EndGlobal
